
Microsoft Visual Studio Solution File, Format Version 12.00
# Visual Studio Version 16
VisualStudioVersion = 16.0.30503.244
MinimumVisualStudioVersion = 10.0.40219.1
Project("{9A19103F-16F7-4668-BE54-9A1E7A4F7556}") = "EventFlowApi.Core", "EventFlowApi.Core\EventFlowApi.Core.csproj", "{7FD074F0-2C45-489A-B827-307736B70622}"
EndProject
Project("{9A19103F-16F7-4668-BE54-9A1E7A4F7556}") = "EventFlowApi", "EventFlowApi\EventFlowApi.csproj", "{B7110CD2-712F-461A-9C9E-B1148866671F}"
EndProject
Project("{9A19103F-16F7-4668-BE54-9A1E7A4F7556}") = "EventFlowApi.ElasticSearch", "EventFlowApi.ElasticSearch\EventFlowApi.ElasticSearch.csproj", "{B4C19D66-91B9-44D9-92ED-34EF2ED2765C}"
EndProject
Project("{9A19103F-16F7-4668-BE54-9A1E7A4F7556}") = "EventFlowApi.EventStore", "EventFlowApi.EventStore\EventFlowApi.EventStore.csproj", "{B1FC58AF-120D-485A-8417-EB0317C92273}"
EndProject
Project("{9A19103F-16F7-4668-BE54-9A1E7A4F7556}") = "EventflowApi.Read", "EventflowApi.Read\EventflowApi.Read.csproj", "{05435CEE-0EA0-4F26-ADB7-1BA9A61EB618}"
EndProject
Project("{9A19103F-16F7-4668-BE54-9A1E7A4F7556}") = "EventFlow.RabbitMQ", "EventFlow.RabbitMQ\EventFlow.RabbitMQ\EventFlow.RabbitMQ.csproj", "{3C4D5708-16F4-47A1-AEFF-6700ABDC3E8E}"
EndProject
Project("{2150E333-8FDC-42A3-9474-1A3956D46DE8}") = "Api", "Api", "{FAE64FE6-0152-4CA0-BDC4-F94DB0F652D2}"
EndProject
Global
	GlobalSection(SolutionConfigurationPlatforms) = preSolution
		Debug|Any CPU = Debug|Any CPU
		Release|Any CPU = Release|Any CPU
	EndGlobalSection
	GlobalSection(ProjectConfigurationPlatforms) = postSolution
		{7FD074F0-2C45-489A-B827-307736B70622}.Debug|Any CPU.ActiveCfg = Debug|Any CPU
		{7FD074F0-2C45-489A-B827-307736B70622}.Debug|Any CPU.Build.0 = Debug|Any CPU
		{7FD074F0-2C45-489A-B827-307736B70622}.Release|Any CPU.ActiveCfg = Release|Any CPU
		{7FD074F0-2C45-489A-B827-307736B70622}.Release|Any CPU.Build.0 = Release|Any CPU
		{B7110CD2-712F-461A-9C9E-B1148866671F}.Debug|Any CPU.ActiveCfg = Debug|Any CPU
		{B7110CD2-712F-461A-9C9E-B1148866671F}.Debug|Any CPU.Build.0 = Debug|Any CPU
		{B7110CD2-712F-461A-9C9E-B1148866671F}.Release|Any CPU.ActiveCfg = Release|Any CPU
		{B7110CD2-712F-461A-9C9E-B1148866671F}.Release|Any CPU.Build.0 = Release|Any CPU
		{B4C19D66-91B9-44D9-92ED-34EF2ED2765C}.Debug|Any CPU.ActiveCfg = Debug|Any CPU
		{B4C19D66-91B9-44D9-92ED-34EF2ED2765C}.Debug|Any CPU.Build.0 = Debug|Any CPU
		{B4C19D66-91B9-44D9-92ED-34EF2ED2765C}.Release|Any CPU.ActiveCfg = Release|Any CPU
		{B4C19D66-91B9-44D9-92ED-34EF2ED2765C}.Release|Any CPU.Build.0 = Release|Any CPU
		{B1FC58AF-120D-485A-8417-EB0317C92273}.Debug|Any CPU.ActiveCfg = Debug|Any CPU
		{B1FC58AF-120D-485A-8417-EB0317C92273}.Debug|Any CPU.Build.0 = Debug|Any CPU
		{B1FC58AF-120D-485A-8417-EB0317C92273}.Release|Any CPU.ActiveCfg = Release|Any CPU
		{B1FC58AF-120D-485A-8417-EB0317C92273}.Release|Any CPU.Build.0 = Release|Any CPU
		{05435CEE-0EA0-4F26-ADB7-1BA9A61EB618}.Debug|Any CPU.ActiveCfg = Debug|Any CPU
		{05435CEE-0EA0-4F26-ADB7-1BA9A61EB618}.Debug|Any CPU.Build.0 = Debug|Any CPU
		{05435CEE-0EA0-4F26-ADB7-1BA9A61EB618}.Release|Any CPU.ActiveCfg = Release|Any CPU
		{05435CEE-0EA0-4F26-ADB7-1BA9A61EB618}.Release|Any CPU.Build.0 = Release|Any CPU
		{3C4D5708-16F4-47A1-AEFF-6700ABDC3E8E}.Debug|Any CPU.ActiveCfg = Debug|Any CPU
		{3C4D5708-16F4-47A1-AEFF-6700ABDC3E8E}.Debug|Any CPU.Build.0 = Debug|Any CPU
		{3C4D5708-16F4-47A1-AEFF-6700ABDC3E8E}.Release|Any CPU.ActiveCfg = Release|Any CPU
		{3C4D5708-16F4-47A1-AEFF-6700ABDC3E8E}.Release|Any CPU.Build.0 = Release|Any CPU
	EndGlobalSection
	GlobalSection(SolutionProperties) = preSolution
		HideSolutionNode = FALSE
	EndGlobalSection
	GlobalSection(NestedProjects) = preSolution
		{B7110CD2-712F-461A-9C9E-B1148866671F} = {FAE64FE6-0152-4CA0-BDC4-F94DB0F652D2}
		{05435CEE-0EA0-4F26-ADB7-1BA9A61EB618} = {FAE64FE6-0152-4CA0-BDC4-F94DB0F652D2}
	EndGlobalSection
	GlobalSection(ExtensibilityGlobals) = postSolution
		SolutionGuid = {3C366A15-31AE-40BE-8F9A-13CB89869F78}
	EndGlobalSection
EndGlobal
